
Microsoft Visual Studio Solution File, Format Version 12.00
# Visual Studio 14
VisualStudioVersion = 14.0.24720.0
MinimumVisualStudioVersion = 10.0.40219.1
Project("{FAE04EC0-301F-11D3-BF4B-00C04F79EFBC}") = "01.Persons", "OOP_Defining_Classes\01.Persons.csproj", "{8C7A0424-873F-4CEC-8C9F-BD2C8331DDDB}"
EndProject
Project("{FAE04EC0-301F-11D3-BF4B-00C04F79EFBC}") = "02.LapTopShop", "LapTopShop\02.LapTopShop.csproj", "{FD4E4613-8E00-4BF3-B47D-DD8C63711171}"
EndProject
Project("{FAE04EC0-301F-11D3-BF4B-00C04F79EFBC}") = "03.PC_Catalog", "PC_Catalog\03.PC_Catalog.csproj", "{B2900C00-31ED-488B-93CF-BB6C3B86D4D1}"
EndProject
Global
	GlobalSection(SolutionConfigurationPlatforms) = preSolution
		Debug|Any CPU = Debug|Any CPU
		Release|Any CPU = Release|Any CPU
	EndGlobalSection
	GlobalSection(ProjectConfigurationPlatforms) = postSolution
		{8C7A0424-873F-4CEC-8C9F-BD2C8331DDDB}.Debug|Any CPU.ActiveCfg = Debug|Any CPU
		{8C7A0424-873F-4CEC-8C9F-BD2C8331DDDB}.Debug|Any CPU.Build.0 = Debug|Any CPU
		{8C7A0424-873F-4CEC-8C9F-BD2C8331DDDB}.Release|Any CPU.ActiveCfg = Release|Any CPU
		{8C7A0424-873F-4CEC-8C9F-BD2C8331DDDB}.Release|Any CPU.Build.0 = Release|Any CPU
		{FD4E4613-8E00-4BF3-B47D-DD8C63711171}.Debug|Any CPU.ActiveCfg = Debug|Any CPU
		{FD4E4613-8E00-4BF3-B47D-DD8C63711171}.Debug|Any CPU.Build.0 = Debug|Any CPU
		{FD4E4613-8E00-4BF3-B47D-DD8C63711171}.Release|Any CPU.ActiveCfg = Release|Any CPU
		{FD4E4613-8E00-4BF3-B47D-DD8C63711171}.Release|Any CPU.Build.0 = Release|Any CPU
		{B2900C00-31ED-488B-93CF-BB6C3B86D4D1}.Debug|Any CPU.ActiveCfg = Debug|Any CPU
		{B2900C00-31ED-488B-93CF-BB6C3B86D4D1}.Debug|Any CPU.Build.0 = Debug|Any CPU
		{B2900C00-31ED-488B-93CF-BB6C3B86D4D1}.Release|Any CPU.ActiveCfg = Release|Any CPU
		{B2900C00-31ED-488B-93CF-BB6C3B86D4D1}.Release|Any CPU.Build.0 = Release|Any CPU
	EndGlobalSection
	GlobalSection(SolutionProperties) = preSolution
		HideSolutionNode = FALSE
	EndGlobalSection
EndGlobal
